
Microsoft Visual Studio Solution File, Format Version 12.00
# Visual Studio Version 17
VisualStudioVersion = 17.6.33712.159
MinimumVisualStudioVersion = 10.0.40219.1
Project("{8BC9CEB8-8B4A-11D0-8D11-00A0C91BC942}") = "0522", "0522\0522.vcxproj", "{FA88B8DF-5007-46FB-842F-139E354819AC}"
EndProject
Global
	GlobalSection(SolutionConfigurationPlatforms) = preSolution
		Debug|x64 = Debug|x64
		Debug|x86 = Debug|x86
		Release|x64 = Release|x64
		Release|x86 = Release|x86
	EndGlobalSection
	GlobalSection(ProjectConfigurationPlatforms) = postSolution
		{FA88B8DF-5007-46FB-842F-139E354819AC}.Debug|x64.ActiveCfg = Debug|x64
		{FA88B8DF-5007-46FB-842F-139E354819AC}.Debug|x64.Build.0 = Debug|x64
		{FA88B8DF-5007-46FB-842F-139E354819AC}.Debug|x86.ActiveCfg = Debug|Win32
		{FA88B8DF-5007-46FB-842F-139E354819AC}.Debug|x86.Build.0 = Debug|Win32
		{FA88B8DF-5007-46FB-842F-139E354819AC}.Release|x64.ActiveCfg = Release|x64
		{FA88B8DF-5007-46FB-842F-139E354819AC}.Release|x64.Build.0 = Release|x64
		{FA88B8DF-5007-46FB-842F-139E354819AC}.Release|x86.ActiveCfg = Release|Win32
		{FA88B8DF-5007-46FB-842F-139E354819AC}.Release|x86.Build.0 = Release|Win32
	EndGlobalSection
	GlobalSection(SolutionProperties) = preSolution
		HideSolutionNode = FALSE
	EndGlobalSection
	GlobalSection(ExtensibilityGlobals) = postSolution
		SolutionGuid = {049510F3-3004-488C-B532-1CDA4932C8BC}
	EndGlobalSection
EndGlobal
